{
	"name": "projectos-de-nodejs",
	"version": "1.0.0",
	"lockfileVersion": 3,
	"requires": true,
	"packages": {
		"": {
			"name": "projectos-de-nodejs",
			"version": "1.0.0",
			"license": "ISC",
			"dependencies": {
				"child_process": "^1.0.2",
				"node-cron": "^4.2.1"
			}
		},
		"node_modules/child_process": {
			"version": "1.0.2",
			"resolved": "https://registry.npmjs.org/child_process/-/child_process-1.0.2.tgz",
			"integrity": "sha512-Wmza/JzL0SiWz7kl6MhIKT5ceIlnFPJX+lwUGj7Clhy5MMldsSoJR0+uvRzOS5Kv45Mq7t1PoE8TsOA9bzvb6g==",
			"license": "ISC"
		},
		"node_modules/node-cron": {
			"version": "4.2.1",
			"resolved": "https://registry.npmjs.org/node-cron/-/node-cron-4.2.1.tgz",
			"integrity": "sha512-lgimEHPE/QDgFlywTd8yTR61ptugX3Qer29efeyWw2rv259HtGBNn1vZVmp8lB9uo9wC0t/AT4iGqXxia+CJFg==",
			"license": "ISC",
			"engines": {
				"node": ">=6.0.0"
			}
		}
	}
}
